<?xml version="1.0" encoding="utf-8"?>
<Project ToolsVersion="4.0" xmlns="http://schemas.microsoft.com/developer/msbuild/2003">
  <ItemGroup>
    <Filter Include="Source Files">
      <UniqueIdentifier>{4FC737F1-C7A5-4376-A066-2A32D752A2FF}</UniqueIdentifier>
      <Extensions>cpp;c;cc;cxx;def;odl;idl;hpj;bat;asm;asmx</Extensions>
    </Filter>
    <Filter Include="Header Files">
      <UniqueIdentifier>{93995380-89BD-4b04-88EB-625FBE52EBFB}</UniqueIdentifier>
      <Extensions>h;hh;hpp;hxx;hm;inl;inc;xsd</Extensions>
    </Filter>
    <Filter Include="Resource Files">
      <UniqueIdentifier>{67DA6AB6-F800-4c08-8B7A-83BB121AAD01}</UniqueIdentifier>
      <Extensions>rc;ico;cur;bmp;dlg;rc2;rct;bin;rgs;gif;jpg;jpeg;jpe;resx;tiff;tif;png;wav</Extensions>
    </Filter>
  </ItemGroup>
  <ItemGroup>
    <ClCompile Include="assignment04\Camera.cpp">
      <Filter>Source Files</Filter>
    </ClCompile>
    <ClCompile Include="assignment04\Cylinder.cpp">
      <Filter>Source Files</Filter>
    </ClCompile>
    <ClCompile Include="assignment04\Empty.cpp">
      <Filter>Source Files</Filter>
    </ClCompile>
    <ClCompile Include="assignment04\GameObject.cpp">
      <Filter>Source Files</Filter>
    </ClCompile>
    <ClCompile Include="assignment04\GLMiddleman.cpp">
      <Filter>Source Files</Filter>
    </ClCompile>
    <ClCompile Include="assignment04\InitShader.cpp">
      <Filter>Source Files</Filter>
    </ClCompile>
    <ClCompile Include="assignment04\main.cpp">
      <Filter>Source Files</Filter>
    </ClCompile>
    <ClCompile Include="assignment04\PLYGameObject.cpp">
      <Filter>Source Files</Filter>
    </ClCompile>
    <ClCompile Include="assignment04\Scene.cpp">
      <Filter>Source Files</Filter>
    </ClCompile>
    <ClCompile Include="assignment04\Sphere.cpp">
      <Filter>Source Files</Filter>
    </ClCompile>
    <ClCompile Include="assignment04\STLGameObject.cpp">
      <Filter>Source Files</Filter>
    </ClCompile>
    <ClCompile Include="assignment04\VisnessUtil.cpp">
      <Filter>Source Files</Filter>
    </ClCompile>
    <ClCompile Include="assignment04\Water.cpp">
      <Filter>Source Files</Filter>
    </ClCompile>
  </ItemGroup>
  <ItemGroup>
    <ClInclude Include="assignment04\Angel.h">
      <Filter>Header Files</Filter>
    </ClInclude>
    <ClInclude Include="assignment04\Boat.h">
      <Filter>Header Files</Filter>
    </ClInclude>
    <ClInclude Include="assignment04\Camera.h">
      <Filter>Header Files</Filter>
    </ClInclude>
    <ClInclude Include="assignment04\CheckError.h">
      <Filter>Header Files</Filter>
    </ClInclude>
    <ClInclude Include="assignment04\Cylinder.h">
      <Filter>Header Files</Filter>
    </ClInclude>
    <ClInclude Include="assignment04\Empty.h">
      <Filter>Header Files</Filter>
    </ClInclude>
    <ClInclude Include="assignment04\Fan.h">
      <Filter>Header Files</Filter>
    </ClInclude>
    <ClInclude Include="assignment04\GameObject.h">
      <Filter>Header Files</Filter>
    </ClInclude>
    <ClInclude Include="assignment04\GLMiddleman.h">
      <Filter>Header Files</Filter>
    </ClInclude>
    <ClInclude Include="assignment04\mat.h">
      <Filter>Header Files</Filter>
    </ClInclude>
    <ClInclude Include="assignment04\Material.h">
      <Filter>Header Files</Filter>
    </ClInclude>
    <ClInclude Include="assignment04\PLYGameObject.h">
      <Filter>Header Files</Filter>
    </ClInclude>
    <ClInclude Include="assignment04\Rudder.h">
      <Filter>Header Files</Filter>
    </ClInclude>
    <ClInclude Include="assignment04\Scene.h">
      <Filter>Header Files</Filter>
    </ClInclude>
    <ClInclude Include="assignment04\Searchlight.h">
      <Filter>Header Files</Filter>
    </ClInclude>
    <ClInclude Include="assignment04\Sphere.h">
      <Filter>Header Files</Filter>
    </ClInclude>
    <ClInclude Include="assignment04\STLGameObject.h">
      <Filter>Header Files</Filter>
    </ClInclude>
    <ClInclude Include="assignment04\vec.h">
      <Filter>Header Files</Filter>
    </ClInclude>
    <ClInclude Include="assignment04\VisnessGL.h">
      <Filter>Header Files</Filter>
    </ClInclude>
    <ClInclude Include="assignment04\VisnessUtil.h">
      <Filter>Header Files</Filter>
    </ClInclude>
    <ClInclude Include="assignment04\Water.h">
      <Filter>Header Files</Filter>
    </ClInclude>
  </ItemGroup>
  <ItemGroup>
    <None Include="Assignment04\vshader-phongshading.glsl">
      <Filter>Resource Files</Filter>
    </None>
    <None Include="Assignment04\fshader-phongshading.glsl">
      <Filter>Resource Files</Filter>
    </None>
  </ItemGroup>
</Project>